
Microsoft Visual Studio Solution File, Format Version 12.00
# Visual Studio Version 17
VisualStudioVersion = 17.0.31903.59
MinimumVisualStudioVersion = 10.0.40219.1
Project("{2150E333-8FDC-42A3-9474-1A3956D46DE8}") = "src", "src", "{827E0CD3-B72D-47B6-A68D-7590B98EB39B}"
EndProject
Project("{FAE04EC0-301F-11D3-BF4B-00C04F79EFBC}") = "ERCollectionCheckerJP.App", "src\ERCollectionCheckerJP.App\ERCollectionCheckerJP.App.csproj", "{080FA023-4BA1-4438-91FF-8F1084AC3368}"
EndProject
Project("{FAE04EC0-301F-11D3-BF4B-00C04F79EFBC}") = "ERCollectionCheckerJP.Application", "src\ERCollectionCheckerJP.Application\ERCollectionCheckerJP.Application.csproj", "{FD4E412A-48ED-472C-8553-1995342DA53B}"
EndProject
Project("{FAE04EC0-301F-11D3-BF4B-00C04F79EFBC}") = "ERCollectionCheckerJP.Domain", "src\ERCollectionCheckerJP.Domain\ERCollectionCheckerJP.Domain.csproj", "{39A15741-EEF6-480D-8420-3BE673D8B0D6}"
EndProject
Project("{FAE04EC0-301F-11D3-BF4B-00C04F79EFBC}") = "ERCollectionCheckerJP.ItemDatabase", "src\ERCollectionCheckerJP.ItemDatabase\ERCollectionCheckerJP.ItemDatabase.csproj", "{31FB95C2-F3FC-4C21-B288-530090353E2E}"
EndProject
Project("{FAE04EC0-301F-11D3-BF4B-00C04F79EFBC}") = "ERCollectionCheckerJP.SaveParser", "src\ERCollectionCheckerJP.SaveParser\ERCollectionCheckerJP.SaveParser.csproj", "{85985ECF-EC9E-4510-86E8-B5BD51667E48}"
EndProject
Project("{2150E333-8FDC-42A3-9474-1A3956D46DE8}") = "tests", "tests", "{0AB3BF05-4346-4AA6-1389-037BE0695223}"
EndProject
Project("{FAE04EC0-301F-11D3-BF4B-00C04F79EFBC}") = "ERCollectionCheckerJP.Application.Tests", "tests\ERCollectionCheckerJP.Application.Tests\ERCollectionCheckerJP.Application.Tests.csproj", "{BA4C27F3-DDB1-452E-ABD1-858319C7D6DA}"
EndProject
Project("{FAE04EC0-301F-11D3-BF4B-00C04F79EFBC}") = "ERCollectionCheckerJP.App.Tests", "tests\ERCollectionCheckerJP.App.Tests\ERCollectionCheckerJP.App.Tests.csproj", "{5D68DA63-D7A7-4A26-8AEC-2D2B3A6359C8}"
EndProject
Project("{FAE04EC0-301F-11D3-BF4B-00C04F79EFBC}") = "ERCollectionCheckerJP.Domain.Tests", "tests\ERCollectionCheckerJP.Domain.Tests\ERCollectionCheckerJP.Domain.Tests.csproj", "{D1AC6307-43C6-430C-BAE6-C60D85A4523B}"
EndProject
Project("{FAE04EC0-301F-11D3-BF4B-00C04F79EFBC}") = "ERCollectionCheckerJP.ItemDatabase.Tests", "tests\ERCollectionCheckerJP.ItemDatabase.Tests\ERCollectionCheckerJP.ItemDatabase.Tests.csproj", "{B491561A-A526-41F6-9579-8F6722F4CFAD}"
EndProject
Project("{FAE04EC0-301F-11D3-BF4B-00C04F79EFBC}") = "ERCollectionCheckerJP.SaveParser.Tests", "tests\ERCollectionCheckerJP.SaveParser.Tests\ERCollectionCheckerJP.SaveParser.Tests.csproj", "{BE7EEF2F-1F3C-44DC-B1AE-2D314D7F888F}"
EndProject
Project("{2150E333-8FDC-42A3-9474-1A3956D46DE8}") = "tools", "tools", "{07C2787E-EAC7-C090-1BA3-A61EC2A24D84}"
EndProject
Project("{FAE04EC0-301F-11D3-BF4B-00C04F79EFBC}") = "ERCollectionCheckerJP.SaveDiagnostics", "tools\ERCollectionCheckerJP.SaveDiagnostics\ERCollectionCheckerJP.SaveDiagnostics.csproj", "{BDD28667-BB2A-485B-A630-FF2B02B4251F}"
EndProject
Project("{FAE04EC0-301F-11D3-BF4B-00C04F79EFBC}") = "ERCollectionCheckerJP.SaveDiagnostics.Tests", "tests\ERCollectionCheckerJP.SaveDiagnostics.Tests\ERCollectionCheckerJP.SaveDiagnostics.Tests.csproj", "{7E10A964-BFE0-4C50-8A68-73077466BF7A}"
EndProject
Global
	GlobalSection(SolutionConfigurationPlatforms) = preSolution
		Debug|Any CPU = Debug|Any CPU
		Debug|x64 = Debug|x64
		Debug|x86 = Debug|x86
		Release|Any CPU = Release|Any CPU
		Release|x64 = Release|x64
		Release|x86 = Release|x86
	EndGlobalSection
	GlobalSection(ProjectConfigurationPlatforms) = postSolution
		{080FA023-4BA1-4438-91FF-8F1084AC3368}.Debug|Any CPU.ActiveCfg = Debug|Any CPU
		{080FA023-4BA1-4438-91FF-8F1084AC3368}.Debug|Any CPU.Build.0 = Debug|Any CPU
		{080FA023-4BA1-4438-91FF-8F1084AC3368}.Debug|x64.ActiveCfg = Debug|Any CPU
		{080FA023-4BA1-4438-91FF-8F1084AC3368}.Debug|x64.Build.0 = Debug|Any CPU
		{080FA023-4BA1-4438-91FF-8F1084AC3368}.Debug|x86.ActiveCfg = Debug|Any CPU
		{080FA023-4BA1-4438-91FF-8F1084AC3368}.Debug|x86.Build.0 = Debug|Any CPU
		{080FA023-4BA1-4438-91FF-8F1084AC3368}.Release|Any CPU.ActiveCfg = Release|Any CPU
		{080FA023-4BA1-4438-91FF-8F1084AC3368}.Release|Any CPU.Build.0 = Release|Any CPU
		{080FA023-4BA1-4438-91FF-8F1084AC3368}.Release|x64.ActiveCfg = Release|Any CPU
		{080FA023-4BA1-4438-91FF-8F1084AC3368}.Release|x64.Build.0 = Release|Any CPU
		{080FA023-4BA1-4438-91FF-8F1084AC3368}.Release|x86.ActiveCfg = Release|Any CPU
		{080FA023-4BA1-4438-91FF-8F1084AC3368}.Release|x86.Build.0 = Release|Any CPU
		{FD4E412A-48ED-472C-8553-1995342DA53B}.Debug|Any CPU.ActiveCfg = Debug|Any CPU
		{FD4E412A-48ED-472C-8553-1995342DA53B}.Debug|Any CPU.Build.0 = Debug|Any CPU
		{FD4E412A-48ED-472C-8553-1995342DA53B}.Debug|x64.ActiveCfg = Debug|Any CPU
		{FD4E412A-48ED-472C-8553-1995342DA53B}.Debug|x64.Build.0 = Debug|Any CPU
		{FD4E412A-48ED-472C-8553-1995342DA53B}.Debug|x86.ActiveCfg = Debug|Any CPU
		{FD4E412A-48ED-472C-8553-1995342DA53B}.Debug|x86.Build.0 = Debug|Any CPU
		{FD4E412A-48ED-472C-8553-1995342DA53B}.Release|Any CPU.ActiveCfg = Release|Any CPU
		{FD4E412A-48ED-472C-8553-1995342DA53B}.Release|Any CPU.Build.0 = Release|Any CPU
		{FD4E412A-48ED-472C-8553-1995342DA53B}.Release|x64.ActiveCfg = Release|Any CPU
		{FD4E412A-48ED-472C-8553-1995342DA53B}.Release|x64.Build.0 = Release|Any CPU
		{FD4E412A-48ED-472C-8553-1995342DA53B}.Release|x86.ActiveCfg = Release|Any CPU
		{FD4E412A-48ED-472C-8553-1995342DA53B}.Release|x86.Build.0 = Release|Any CPU
		{39A15741-EEF6-480D-8420-3BE673D8B0D6}.Debug|Any CPU.ActiveCfg = Debug|Any CPU
		{39A15741-EEF6-480D-8420-3BE673D8B0D6}.Debug|Any CPU.Build.0 = Debug|Any CPU
		{39A15741-EEF6-480D-8420-3BE673D8B0D6}.Debug|x64.ActiveCfg = Debug|Any CPU
		{39A15741-EEF6-480D-8420-3BE673D8B0D6}.Debug|x64.Build.0 = Debug|Any CPU
		{39A15741-EEF6-480D-8420-3BE673D8B0D6}.Debug|x86.ActiveCfg = Debug|Any CPU
		{39A15741-EEF6-480D-8420-3BE673D8B0D6}.Debug|x86.Build.0 = Debug|Any CPU
		{39A15741-EEF6-480D-8420-3BE673D8B0D6}.Release|Any CPU.ActiveCfg = Release|Any CPU
		{39A15741-EEF6-480D-8420-3BE673D8B0D6}.Release|Any CPU.Build.0 = Release|Any CPU
		{39A15741-EEF6-480D-8420-3BE673D8B0D6}.Release|x64.ActiveCfg = Release|Any CPU
		{39A15741-EEF6-480D-8420-3BE673D8B0D6}.Release|x64.Build.0 = Release|Any CPU
		{39A15741-EEF6-480D-8420-3BE673D8B0D6}.Release|x86.ActiveCfg = Release|Any CPU
		{39A15741-EEF6-480D-8420-3BE673D8B0D6}.Release|x86.Build.0 = Release|Any CPU
		{31FB95C2-F3FC-4C21-B288-530090353E2E}.Debug|Any CPU.ActiveCfg = Debug|Any CPU
		{31FB95C2-F3FC-4C21-B288-530090353E2E}.Debug|Any CPU.Build.0 = Debug|Any CPU
		{31FB95C2-F3FC-4C21-B288-530090353E2E}.Debug|x64.ActiveCfg = Debug|Any CPU
		{31FB95C2-F3FC-4C21-B288-530090353E2E}.Debug|x64.Build.0 = Debug|Any CPU
		{31FB95C2-F3FC-4C21-B288-530090353E2E}.Debug|x86.ActiveCfg = Debug|Any CPU
		{31FB95C2-F3FC-4C21-B288-530090353E2E}.Debug|x86.Build.0 = Debug|Any CPU
		{31FB95C2-F3FC-4C21-B288-530090353E2E}.Release|Any CPU.ActiveCfg = Release|Any CPU
		{31FB95C2-F3FC-4C21-B288-530090353E2E}.Release|Any CPU.Build.0 = Release|Any CPU
		{31FB95C2-F3FC-4C21-B288-530090353E2E}.Release|x64.ActiveCfg = Release|Any CPU
		{31FB95C2-F3FC-4C21-B288-530090353E2E}.Release|x64.Build.0 = Release|Any CPU
		{31FB95C2-F3FC-4C21-B288-530090353E2E}.Release|x86.ActiveCfg = Release|Any CPU
		{31FB95C2-F3FC-4C21-B288-530090353E2E}.Release|x86.Build.0 = Release|Any CPU
		{85985ECF-EC9E-4510-86E8-B5BD51667E48}.Debug|Any CPU.ActiveCfg = Debug|Any CPU
		{85985ECF-EC9E-4510-86E8-B5BD51667E48}.Debug|Any CPU.Build.0 = Debug|Any CPU
		{85985ECF-EC9E-4510-86E8-B5BD51667E48}.Debug|x64.ActiveCfg = Debug|Any CPU
		{85985ECF-EC9E-4510-86E8-B5BD51667E48}.Debug|x64.Build.0 = Debug|Any CPU
		{85985ECF-EC9E-4510-86E8-B5BD51667E48}.Debug|x86.ActiveCfg = Debug|Any CPU
		{85985ECF-EC9E-4510-86E8-B5BD51667E48}.Debug|x86.Build.0 = Debug|Any CPU
		{85985ECF-EC9E-4510-86E8-B5BD51667E48}.Release|Any CPU.ActiveCfg = Release|Any CPU
		{85985ECF-EC9E-4510-86E8-B5BD51667E48}.Release|Any CPU.Build.0 = Release|Any CPU
		{85985ECF-EC9E-4510-86E8-B5BD51667E48}.Release|x64.ActiveCfg = Release|Any CPU
		{85985ECF-EC9E-4510-86E8-B5BD51667E48}.Release|x64.Build.0 = Release|Any CPU
		{85985ECF-EC9E-4510-86E8-B5BD51667E48}.Release|x86.ActiveCfg = Release|Any CPU
		{85985ECF-EC9E-4510-86E8-B5BD51667E48}.Release|x86.Build.0 = Release|Any CPU
		{BA4C27F3-DDB1-452E-ABD1-858319C7D6DA}.Debug|Any CPU.ActiveCfg = Debug|Any CPU
		{BA4C27F3-DDB1-452E-ABD1-858319C7D6DA}.Debug|Any CPU.Build.0 = Debug|Any CPU
		{BA4C27F3-DDB1-452E-ABD1-858319C7D6DA}.Debug|x64.ActiveCfg = Debug|Any CPU
		{BA4C27F3-DDB1-452E-ABD1-858319C7D6DA}.Debug|x64.Build.0 = Debug|Any CPU
		{BA4C27F3-DDB1-452E-ABD1-858319C7D6DA}.Debug|x86.ActiveCfg = Debug|Any CPU
		{BA4C27F3-DDB1-452E-ABD1-858319C7D6DA}.Debug|x86.Build.0 = Debug|Any CPU
		{BA4C27F3-DDB1-452E-ABD1-858319C7D6DA}.Release|Any CPU.ActiveCfg = Release|Any CPU
		{BA4C27F3-DDB1-452E-ABD1-858319C7D6DA}.Release|Any CPU.Build.0 = Release|Any CPU
		{BA4C27F3-DDB1-452E-ABD1-858319C7D6DA}.Release|x64.ActiveCfg = Release|Any CPU
		{BA4C27F3-DDB1-452E-ABD1-858319C7D6DA}.Release|x64.Build.0 = Release|Any CPU
		{BA4C27F3-DDB1-452E-ABD1-858319C7D6DA}.Release|x86.ActiveCfg = Release|Any CPU
		{BA4C27F3-DDB1-452E-ABD1-858319C7D6DA}.Release|x86.Build.0 = Release|Any CPU
		{5D68DA63-D7A7-4A26-8AEC-2D2B3A6359C8}.Debug|Any CPU.ActiveCfg = Debug|Any CPU
		{5D68DA63-D7A7-4A26-8AEC-2D2B3A6359C8}.Debug|Any CPU.Build.0 = Debug|Any CPU
		{5D68DA63-D7A7-4A26-8AEC-2D2B3A6359C8}.Debug|x64.ActiveCfg = Debug|Any CPU
		{5D68DA63-D7A7-4A26-8AEC-2D2B3A6359C8}.Debug|x64.Build.0 = Debug|Any CPU
		{5D68DA63-D7A7-4A26-8AEC-2D2B3A6359C8}.Debug|x86.ActiveCfg = Debug|Any CPU
		{5D68DA63-D7A7-4A26-8AEC-2D2B3A6359C8}.Debug|x86.Build.0 = Debug|Any CPU
		{5D68DA63-D7A7-4A26-8AEC-2D2B3A6359C8}.Release|Any CPU.ActiveCfg = Release|Any CPU
		{5D68DA63-D7A7-4A26-8AEC-2D2B3A6359C8}.Release|Any CPU.Build.0 = Release|Any CPU
		{5D68DA63-D7A7-4A26-8AEC-2D2B3A6359C8}.Release|x64.ActiveCfg = Release|Any CPU
		{5D68DA63-D7A7-4A26-8AEC-2D2B3A6359C8}.Release|x64.Build.0 = Release|Any CPU
		{5D68DA63-D7A7-4A26-8AEC-2D2B3A6359C8}.Release|x86.ActiveCfg = Release|Any CPU
		{5D68DA63-D7A7-4A26-8AEC-2D2B3A6359C8}.Release|x86.Build.0 = Release|Any CPU
		{D1AC6307-43C6-430C-BAE6-C60D85A4523B}.Debug|Any CPU.ActiveCfg = Debug|Any CPU
		{D1AC6307-43C6-430C-BAE6-C60D85A4523B}.Debug|Any CPU.Build.0 = Debug|Any CPU
		{D1AC6307-43C6-430C-BAE6-C60D85A4523B}.Debug|x64.ActiveCfg = Debug|Any CPU
		{D1AC6307-43C6-430C-BAE6-C60D85A4523B}.Debug|x64.Build.0 = Debug|Any CPU
		{D1AC6307-43C6-430C-BAE6-C60D85A4523B}.Debug|x86.ActiveCfg = Debug|Any CPU
		{D1AC6307-43C6-430C-BAE6-C60D85A4523B}.Debug|x86.Build.0 = Debug|Any CPU
		{D1AC6307-43C6-430C-BAE6-C60D85A4523B}.Release|Any CPU.ActiveCfg = Release|Any CPU
		{D1AC6307-43C6-430C-BAE6-C60D85A4523B}.Release|Any CPU.Build.0 = Release|Any CPU
		{D1AC6307-43C6-430C-BAE6-C60D85A4523B}.Release|x64.ActiveCfg = Release|Any CPU
		{D1AC6307-43C6-430C-BAE6-C60D85A4523B}.Release|x64.Build.0 = Release|Any CPU
		{D1AC6307-43C6-430C-BAE6-C60D85A4523B}.Release|x86.ActiveCfg = Release|Any CPU
		{D1AC6307-43C6-430C-BAE6-C60D85A4523B}.Release|x86.Build.0 = Release|Any CPU
		{B491561A-A526-41F6-9579-8F6722F4CFAD}.Debug|Any CPU.ActiveCfg = Debug|Any CPU
		{B491561A-A526-41F6-9579-8F6722F4CFAD}.Debug|Any CPU.Build.0 = Debug|Any CPU
		{B491561A-A526-41F6-9579-8F6722F4CFAD}.Debug|x64.ActiveCfg = Debug|Any CPU
		{B491561A-A526-41F6-9579-8F6722F4CFAD}.Debug|x64.Build.0 = Debug|Any CPU
		{B491561A-A526-41F6-9579-8F6722F4CFAD}.Debug|x86.ActiveCfg = Debug|Any CPU
		{B491561A-A526-41F6-9579-8F6722F4CFAD}.Debug|x86.Build.0 = Debug|Any CPU
		{B491561A-A526-41F6-9579-8F6722F4CFAD}.Release|Any CPU.ActiveCfg = Release|Any CPU
		{B491561A-A526-41F6-9579-8F6722F4CFAD}.Release|Any CPU.Build.0 = Release|Any CPU
		{B491561A-A526-41F6-9579-8F6722F4CFAD}.Release|x64.ActiveCfg = Release|Any CPU
		{B491561A-A526-41F6-9579-8F6722F4CFAD}.Release|x64.Build.0 = Release|Any CPU
		{B491561A-A526-41F6-9579-8F6722F4CFAD}.Release|x86.ActiveCfg = Release|Any CPU
		{B491561A-A526-41F6-9579-8F6722F4CFAD}.Release|x86.Build.0 = Release|Any CPU
		{BE7EEF2F-1F3C-44DC-B1AE-2D314D7F888F}.Debug|Any CPU.ActiveCfg = Debug|Any CPU
		{BE7EEF2F-1F3C-44DC-B1AE-2D314D7F888F}.Debug|Any CPU.Build.0 = Debug|Any CPU
		{BE7EEF2F-1F3C-44DC-B1AE-2D314D7F888F}.Debug|x64.ActiveCfg = Debug|Any CPU
		{BE7EEF2F-1F3C-44DC-B1AE-2D314D7F888F}.Debug|x64.Build.0 = Debug|Any CPU
		{BE7EEF2F-1F3C-44DC-B1AE-2D314D7F888F}.Debug|x86.ActiveCfg = Debug|Any CPU
		{BE7EEF2F-1F3C-44DC-B1AE-2D314D7F888F}.Debug|x86.Build.0 = Debug|Any CPU
		{BE7EEF2F-1F3C-44DC-B1AE-2D314D7F888F}.Release|Any CPU.ActiveCfg = Release|Any CPU
		{BE7EEF2F-1F3C-44DC-B1AE-2D314D7F888F}.Release|Any CPU.Build.0 = Release|Any CPU
		{BE7EEF2F-1F3C-44DC-B1AE-2D314D7F888F}.Release|x64.ActiveCfg = Release|Any CPU
		{BE7EEF2F-1F3C-44DC-B1AE-2D314D7F888F}.Release|x64.Build.0 = Release|Any CPU
		{BE7EEF2F-1F3C-44DC-B1AE-2D314D7F888F}.Release|x86.ActiveCfg = Release|Any CPU
		{BE7EEF2F-1F3C-44DC-B1AE-2D314D7F888F}.Release|x86.Build.0 = Release|Any CPU
		{BDD28667-BB2A-485B-A630-FF2B02B4251F}.Debug|Any CPU.ActiveCfg = Debug|Any CPU
		{BDD28667-BB2A-485B-A630-FF2B02B4251F}.Debug|Any CPU.Build.0 = Debug|Any CPU
		{BDD28667-BB2A-485B-A630-FF2B02B4251F}.Debug|x64.ActiveCfg = Debug|Any CPU
		{BDD28667-BB2A-485B-A630-FF2B02B4251F}.Debug|x64.Build.0 = Debug|Any CPU
		{BDD28667-BB2A-485B-A630-FF2B02B4251F}.Debug|x86.ActiveCfg = Debug|Any CPU
		{BDD28667-BB2A-485B-A630-FF2B02B4251F}.Debug|x86.Build.0 = Debug|Any CPU
		{BDD28667-BB2A-485B-A630-FF2B02B4251F}.Release|Any CPU.ActiveCfg = Release|Any CPU
		{BDD28667-BB2A-485B-A630-FF2B02B4251F}.Release|Any CPU.Build.0 = Release|Any CPU
		{BDD28667-BB2A-485B-A630-FF2B02B4251F}.Release|x64.ActiveCfg = Release|Any CPU
		{BDD28667-BB2A-485B-A630-FF2B02B4251F}.Release|x64.Build.0 = Release|Any CPU
		{BDD28667-BB2A-485B-A630-FF2B02B4251F}.Release|x86.ActiveCfg = Release|Any CPU
		{BDD28667-BB2A-485B-A630-FF2B02B4251F}.Release|x86.Build.0 = Release|Any CPU
		{7E10A964-BFE0-4C50-8A68-73077466BF7A}.Debug|Any CPU.ActiveCfg = Debug|Any CPU
		{7E10A964-BFE0-4C50-8A68-73077466BF7A}.Debug|Any CPU.Build.0 = Debug|Any CPU
		{7E10A964-BFE0-4C50-8A68-73077466BF7A}.Debug|x64.ActiveCfg = Debug|Any CPU
		{7E10A964-BFE0-4C50-8A68-73077466BF7A}.Debug|x64.Build.0 = Debug|Any CPU
		{7E10A964-BFE0-4C50-8A68-73077466BF7A}.Debug|x86.ActiveCfg = Debug|Any CPU
		{7E10A964-BFE0-4C50-8A68-73077466BF7A}.Debug|x86.Build.0 = Debug|Any CPU
		{7E10A964-BFE0-4C50-8A68-73077466BF7A}.Release|Any CPU.ActiveCfg = Release|Any CPU
		{7E10A964-BFE0-4C50-8A68-73077466BF7A}.Release|Any CPU.Build.0 = Release|Any CPU
		{7E10A964-BFE0-4C50-8A68-73077466BF7A}.Release|x64.ActiveCfg = Release|Any CPU
		{7E10A964-BFE0-4C50-8A68-73077466BF7A}.Release|x64.Build.0 = Release|Any CPU
		{7E10A964-BFE0-4C50-8A68-73077466BF7A}.Release|x86.ActiveCfg = Release|Any CPU
		{7E10A964-BFE0-4C50-8A68-73077466BF7A}.Release|x86.Build.0 = Release|Any CPU
	EndGlobalSection
	GlobalSection(SolutionProperties) = preSolution
		HideSolutionNode = FALSE
	EndGlobalSection
	GlobalSection(NestedProjects) = preSolution
		{080FA023-4BA1-4438-91FF-8F1084AC3368} = {827E0CD3-B72D-47B6-A68D-7590B98EB39B}
		{FD4E412A-48ED-472C-8553-1995342DA53B} = {827E0CD3-B72D-47B6-A68D-7590B98EB39B}
		{39A15741-EEF6-480D-8420-3BE673D8B0D6} = {827E0CD3-B72D-47B6-A68D-7590B98EB39B}
		{31FB95C2-F3FC-4C21-B288-530090353E2E} = {827E0CD3-B72D-47B6-A68D-7590B98EB39B}
		{85985ECF-EC9E-4510-86E8-B5BD51667E48} = {827E0CD3-B72D-47B6-A68D-7590B98EB39B}
		{BA4C27F3-DDB1-452E-ABD1-858319C7D6DA} = {0AB3BF05-4346-4AA6-1389-037BE0695223}
		{5D68DA63-D7A7-4A26-8AEC-2D2B3A6359C8} = {0AB3BF05-4346-4AA6-1389-037BE0695223}
		{D1AC6307-43C6-430C-BAE6-C60D85A4523B} = {0AB3BF05-4346-4AA6-1389-037BE0695223}
		{B491561A-A526-41F6-9579-8F6722F4CFAD} = {0AB3BF05-4346-4AA6-1389-037BE0695223}
		{BE7EEF2F-1F3C-44DC-B1AE-2D314D7F888F} = {0AB3BF05-4346-4AA6-1389-037BE0695223}
		{BDD28667-BB2A-485B-A630-FF2B02B4251F} = {07C2787E-EAC7-C090-1BA3-A61EC2A24D84}
		{7E10A964-BFE0-4C50-8A68-73077466BF7A} = {0AB3BF05-4346-4AA6-1389-037BE0695223}
	EndGlobalSection
EndGlobal
